
Microsoft Visual Studio Solution File, Format Version 12.00
# Visual Studio Version 16
VisualStudioVersion = 16.0.30011.22
MinimumVisualStudioVersion = 10.0.40219.1
Project("{9A19103F-16F7-4668-BE54-9A1E7A4F7556}") = "UserRegistrationWorkerService", "UserRegistrationWorkerService\UserRegistrationWorkerService.csproj", "{0078515E-9D52-4D8D-871D-D49C8124E08A}"
EndProject
Project("{FAE04EC0-301F-11D3-BF4B-00C04F79EFBC}") = "UserRegistrationApi", "UserRegistrationApi\UserRegistrationApi.csproj", "{89461CE6-3974-4A92-937B-7FA13FBE7DFD}"
EndProject
Global
	GlobalSection(SolutionConfigurationPlatforms) = preSolution
		Debug|Any CPU = Debug|Any CPU
		Release|Any CPU = Release|Any CPU
	EndGlobalSection
	GlobalSection(ProjectConfigurationPlatforms) = postSolution
		{0078515E-9D52-4D8D-871D-D49C8124E08A}.Debug|Any CPU.ActiveCfg = Debug|Any CPU
		{0078515E-9D52-4D8D-871D-D49C8124E08A}.Debug|Any CPU.Build.0 = Debug|Any CPU
		{0078515E-9D52-4D8D-871D-D49C8124E08A}.Release|Any CPU.ActiveCfg = Release|Any CPU
		{0078515E-9D52-4D8D-871D-D49C8124E08A}.Release|Any CPU.Build.0 = Release|Any CPU
		{89461CE6-3974-4A92-937B-7FA13FBE7DFD}.Debug|Any CPU.ActiveCfg = Debug|Any CPU
		{89461CE6-3974-4A92-937B-7FA13FBE7DFD}.Debug|Any CPU.Build.0 = Debug|Any CPU
		{89461CE6-3974-4A92-937B-7FA13FBE7DFD}.Release|Any CPU.ActiveCfg = Release|Any CPU
		{89461CE6-3974-4A92-937B-7FA13FBE7DFD}.Release|Any CPU.Build.0 = Release|Any CPU
	EndGlobalSection
	GlobalSection(SolutionProperties) = preSolution
		HideSolutionNode = FALSE
	EndGlobalSection
	GlobalSection(ExtensibilityGlobals) = postSolution
		SolutionGuid = {C408670B-EA25-43E4-9D0B-8CCAED8EBF24}
	EndGlobalSection
EndGlobal
