
Microsoft Visual Studio Solution File, Format Version 12.00
# Visual Studio Version 16
VisualStudioVersion = 16.0.30011.22
MinimumVisualStudioVersion = 10.0.40219.1
Project("{FAE04EC0-301F-11D3-BF4B-00C04F79EFBC}") = "Camunda-Workflow", "Camunda-Workflow\Camunda-Workflow.csproj", "{7F79C264-1DA7-461E-A048-A58DE5BF9839}"
EndProject
Global
	GlobalSection(SolutionConfigurationPlatforms) = preSolution
		Debug|Any CPU = Debug|Any CPU
		Release|Any CPU = Release|Any CPU
	EndGlobalSection
	GlobalSection(ProjectConfigurationPlatforms) = postSolution
		{7F79C264-1DA7-461E-A048-A58DE5BF9839}.Debug|Any CPU.ActiveCfg = Debug|Any CPU
		{7F79C264-1DA7-461E-A048-A58DE5BF9839}.Debug|Any CPU.Build.0 = Debug|Any CPU
		{7F79C264-1DA7-461E-A048-A58DE5BF9839}.Release|Any CPU.ActiveCfg = Release|Any CPU
		{7F79C264-1DA7-461E-A048-A58DE5BF9839}.Release|Any CPU.Build.0 = Release|Any CPU
	EndGlobalSection
	GlobalSection(SolutionProperties) = preSolution
		HideSolutionNode = FALSE
	EndGlobalSection
	GlobalSection(ExtensibilityGlobals) = postSolution
		SolutionGuid = {0CFD2E56-E44C-46DD-AC30-825157E05687}
	EndGlobalSection
EndGlobal
